lockfileVersion: '9.0'

settings:
  autoInstallPeers: true
  excludeLinksFromLockfile: false

importers:

  .:
    dependencies:
      oxc-parser:
        specifier: ^0.147.0
        version: 0.147.0

packages:

  '@oxc-parser/binding-android-arm-eabi@0.147.0':
    resolution: {integrity: sha512-fOtoGvIoirkvxQVw9J1WJPxz571XPgLsPf9uhRD+PJteUnvrJHMDmK9pw2yZEGGyismtRoEsp+JcXUdF/JDMDw==}
    engines: {node: ^20.19.0 || >=22.12.0}
    cpu: [arm]
    os: [android]

  '@oxc-parser/binding-android-arm64@0.147.0':
    resolution: {integrity: sha512-emjQHOYJaomo4ykaXQ1EItunr/I94Nk01oqBmU4dSkKSTupIDx6OysVDf2e8Eytm77rb+4ZxzgElyWP7rcEX7A==}
    engines: {node: ^20.19.0 || >=22.12.0}
    cpu: [arm64]
    os: [android]

  '@oxc-parser/binding-darwin-arm64@0.147.0':
    resolution: {integrity: sha512-kXvBPJL7RmDPJ2mze/vXPPVQimCDtFr9OFLjf7dyhV5Dx64cgcXh9KKrA1sMWvCObvJll9CZZUO0FBlFwD0l6A==}
    engines: {node: ^20.19.0 || >=22.12.0}
    cpu: [arm64]
    os: [darwin]

  '@oxc-parser/binding-darwin-x64@0.147.0':
    resolution: {integrity: sha512-mgFF8pLU6R64LbT27lSrtVRspVC/3IcZ0qyIikzmi78Y3Ik2OPnlAHHI0UEBRcC3qmNgtjaef7zkFt7/uPxIcw==}
    engines: {node: ^20.19.0 || >=22.12.0}
    cpu: [x64]
    os: [darwin]

  '@oxc-parser/binding-freebsd-x64@0.147.0':
    resolution: {integrity: sha512-v38aiF11qufOTBcCAKL4skgQf0zJ4NEvRlivq7B5kHrlyvjCLjvNrMtNWDTz1SDUL6/xVsJRmLDxv2e+Cp4oWw==}
    engines: {node: ^20.19.0 || >=22.12.0}
    cpu: [x64]
    os: [freebsd]

  '@oxc-parser/binding-linux-arm-gnueabihf@0.147.0':
    resolution: {integrity: sha512-AeIiBbwUaP0H1+4/qGW9l5qHecS/+XA5iMuieVcGb1T+tyc2dVGspFW13BWk/XrLsiGP/CiDJTJqAPLLCzZHkw==}
    engines: {node: ^20.19.0 || >=22.12.0}
    cpu: [arm]
    os: [linux]

  '@oxc-parser/binding-linux-arm-musleabihf@0.147.0':
    resolution: {integrity: sha512-/41MKPW4RgPY4DJco0NCF0RYX3IMZaVlRNMNzvhaxRavc7tN3Txm+qllZbh0aMRs0VHdgUlbI8TcAOiTai4TKg==}
    engines: {node: ^20.19.0 || >=22.12.0}
    cpu: [arm]
    os: [linux]

  '@oxc-parser/binding-linux-arm64-gnu@0.147.0':
    resolution: {integrity: sha512-bmpw/RPhVXgZbtb3xBDuwW5s8+LvZYdqcDSX/sP2ltL77aTio3DP/B5ZTwwgoJ6Mr9vJs4RrmgEKW9XkLNUU1g==}
    engines: {node: ^20.19.0 || >=22.12.0}
    cpu: [arm64]
    os: [linux]
    libc: [glibc]

  '@oxc-parser/binding-linux-arm64-musl@0.147.0':
    resolution: {integrity: sha512-gd7VX/FDVOw6mjQcu45iIcp4QkgybgJwh3a0OFG2NxmPCj628mQWD96QGu1kK8+mZF9qK4b/gIEyC63vQoB7+Q==}
    engines: {node: ^20.19.0 || >=22.12.0}
    cpu: [arm64]
    os: [linux]
    libc: [musl]

  '@oxc-parser/binding-linux-ppc64-gnu@0.147.0':
    resolution: {integrity: sha512-HnAzcfki7dSUNHf510Q2NmbJlz8Ys7rn8l9l588Pkx0tYe1BHLZnmELIgqizJ4WPhHGSwN8Ce+B/menVxS3odA==}
    engines: {node: ^20.19.0 || >=22.12.0}
    cpu: [ppc64]
    os: [linux]
    libc: [glibc]

  '@oxc-parser/binding-linux-riscv64-gnu@0.147.0':
    resolution: {integrity: sha512-qlkOL6wT44U+fT5s/+sR6Shx0OdwvQF83JyIPZUxG/ovqZF5/7atOtjH+JPZ5/7ATQLbFBBSmghcy/+2NVB/ew==}
    engines: {node: ^20.19.0 || >=22.12.0}
    cpu: [riscv64]
    os: [linux]
    libc: [glibc]

  '@oxc-parser/binding-linux-riscv64-musl@0.147.0':
    resolution: {integrity: sha512-DlefD7L7sMXs/3hIBH23Egk0phj8kG0SA81dVGOQ3S1ekjOlmTLH2E+F2Thwfh1slKx6aH+lNc5fQYAw0GU7/g==}
    engines: {node: ^20.19.0 || >=22.12.0}
    cpu: [riscv64]
    os: [linux]
    libc: [musl]

  '@oxc-parser/binding-linux-s390x-gnu@0.147.0':
    resolution: {integrity: sha512-Xqpagk/031IvZ4svrk2FF01YEqM/iN3MJV3SVZadKg/CsGlDCGoREqKHXYnoV5+8SfGe/m6RM1szXFLusTu/Uw==}
    engines: {node: ^20.19.0 || >=22.12.0}
    cpu: [s390x]
    os: [linux]
    libc: [glibc]

  '@oxc-parser/binding-linux-x64-gnu@0.147.0':
    resolution: {integrity: sha512-QioQOeUbI4ATUr0S2z88uA3Cds2R3Mm5Ge7U8XNYtlTb2GJF3rWlcj70z0AJhhOlbdm0YgVjqPBldUNbFylDIg==}
    engines: {node: ^20.19.0 || >=22.12.0}
    cpu: [x64]
    os: [linux]
    libc: [glibc]

  '@oxc-parser/binding-linux-x64-musl@0.147.0':
    resolution: {integrity: sha512-NXy1tv/OdC+pPTwf9RiCZWPK53V/Xq/2cjSnjOSyKopajdaDqMIkgtDY+jXZemp2e8px5FeWfY2L2LwhKZQovg==}
    engines: {node: ^20.19.0 || >=22.12.0}
    cpu: [x64]
    os: [linux]
    libc: [musl]

  '@oxc-parser/binding-openharmony-arm64@0.147.0':
    resolution: {integrity: sha512-GpGWZ6oKz4bjCWW9Mz5pCaGPyk2Aaze6zEoaslIQqpSLtpx5pXj/ap5gUNb5Jn2LIbqWyjkGLX9yv3NMuNcBVQ==}
    engines: {node: ^20.19.0 || >=22.12.0}
    cpu: [arm64]
    os: [openharmony]

  '@oxc-parser/binding-win32-arm64-msvc@0.147.0':
    resolution: {integrity: sha512-a8mlt7CC8z7LUdCfaxhff4kCd+vSjE+NEFL0cxA8ukfuSnvAto/pWTjytW4BuVLnQGcCVdHJwcRKOfs++H+tjw==}
    engines: {node: ^20.19.0 || >=22.12.0}
    cpu: [arm64]
    os: [win32]

  '@oxc-parser/binding-win32-ia32-msvc@0.147.0':
    resolution: {integrity: sha512-M5ViVDBcFLnl2632AuuWuP35zEL5oikK1jTx8r3+902VEDeSNHxFZAB6RZyfZ7MU6Oi5QTOG8MmMkIeHsudSaw==}
    engines: {node: ^20.19.0 || >=22.12.0}
    cpu: [ia32]
    os: [win32]

  '@oxc-parser/binding-win32-x64-msvc@0.147.0':
    resolution: {integrity: sha512-DUaE13OwnUSlHpLZNcC/nuT10ivlWqc5EZgsfgXuAmWYw0r3nDxGeLD1zlGwYwIgVk1/ZMAxoXpV+05stvbHaA==}
    engines: {node: ^20.19.0 || >=22.12.0}
    cpu: [x64]
    os: [win32]

  '@oxc-project/types@0.147.0':
    resolution: {integrity: sha512-IJ3s6ltHLp45S0bh7phkX+gJO7A1Wuz2EaqpAhb8WjqDwbzMiWKHhyyT42tskaWjEYXtHtVCPpnBJVT9+dcRLg==}

  oxc-parser@0.147.0:
    resolution: {integrity: sha512-5xaug6t7GfV3BO5Iv+xHW1rmQkDEQ3BEu3L8g3InsvWO5i8CYGc4tCZ2X985QcwWNycFJam+aOns6Nr2XAThTA==}
    engines: {node: ^20.19.0 || >=22.12.0}

snapshots:

  '@oxc-parser/binding-android-arm-eabi@0.147.0':
    optional: true

  '@oxc-parser/binding-android-arm64@0.147.0':
    optional: true

  '@oxc-parser/binding-darwin-arm64@0.147.0':
    optional: true

  '@oxc-parser/binding-darwin-x64@0.147.0':
    optional: true

  '@oxc-parser/binding-freebsd-x64@0.147.0':
    optional: true

  '@oxc-parser/binding-linux-arm-gnueabihf@0.147.0':
    optional: true

  '@oxc-parser/binding-linux-arm-musleabihf@0.147.0':
    optional: true

  '@oxc-parser/binding-linux-arm64-gnu@0.147.0':
    optional: true

  '@oxc-parser/binding-linux-arm64-musl@0.147.0':
    optional: true

  '@oxc-parser/binding-linux-ppc64-gnu@0.147.0':
    optional: true

  '@oxc-parser/binding-linux-riscv64-gnu@0.147.0':
    optional: true

  '@oxc-parser/binding-linux-riscv64-musl@0.147.0':
    optional: true

  '@oxc-parser/binding-linux-s390x-gnu@0.147.0':
    optional: true

  '@oxc-parser/binding-linux-x64-gnu@0.147.0':
    optional: true

  '@oxc-parser/binding-linux-x64-musl@0.147.0':
    optional: true

  '@oxc-parser/binding-openharmony-arm64@0.147.0':
    optional: true

  '@oxc-parser/binding-win32-arm64-msvc@0.147.0':
    optional: true

  '@oxc-parser/binding-win32-ia32-msvc@0.147.0':
    optional: true

  '@oxc-parser/binding-win32-x64-msvc@0.147.0':
    optional: true

  '@oxc-project/types@0.147.0': {}

  oxc-parser@0.147.0:
    dependencies:
      '@oxc-project/types': 0.147.0
    optionalDependencies:
      '@oxc-parser/binding-android-arm-eabi': 0.147.0
      '@oxc-parser/binding-android-arm64': 0.147.0
      '@oxc-parser/binding-darwin-arm64': 0.147.0
      '@oxc-parser/binding-darwin-x64': 0.147.0
      '@oxc-parser/binding-freebsd-x64': 0.147.0
      '@oxc-parser/binding-linux-arm-gnueabihf': 0.147.0
      '@oxc-parser/binding-linux-arm-musleabihf': 0.147.0
      '@oxc-parser/binding-linux-arm64-gnu': 0.147.0
      '@oxc-parser/binding-linux-arm64-musl': 0.147.0
      '@oxc-parser/binding-linux-ppc64-gnu': 0.147.0
      '@oxc-parser/binding-linux-riscv64-gnu': 0.147.0
      '@oxc-parser/binding-linux-riscv64-musl': 0.147.0
      '@oxc-parser/binding-linux-s390x-gnu': 0.147.0
      '@oxc-parser/binding-linux-x64-gnu': 0.147.0
      '@oxc-parser/binding-linux-x64-musl': 0.147.0
      '@oxc-parser/binding-openharmony-arm64': 0.147.0
      '@oxc-parser/binding-win32-arm64-msvc': 0.147.0
      '@oxc-parser/binding-win32-ia32-msvc': 0.147.0
      '@oxc-parser/binding-win32-x64-msvc': 0.147.0
